// !$*UTF8*$!
{
	archiveVersion = 1;
	classes = {
	};
	objectVersion = 46;
	objects = {

/* Begin PBXBuildFile section */
		5585D9911EE0136700A0B151 /* main.m in Sources */ = {isa = PBXBuildFile; fileRef = 5585D9901EE0136700A0B151 /* main.m */; };
		5585D9941EE0136700A0B151 /* AppDelegate.m in Sources */ = {isa = PBXBuildFile; fileRef = 5585D9931EE0136700A0B151 /* AppDelegate.m */; };
		5585D9971EE0136700A0B151 /* ViewController.m in Sources */ = {isa = PBXBuildFile; fileRef = 5585D9961EE0136700A0B151 /* ViewController.m */; };
		5585D99A1EE0136800A0B151 /* Main.storyboard in Resources */ = {isa = PBXBuildFile; fileRef = 5585D9981EE0136800A0B151 /* Main.storyboard */; };
		5585D99C1EE0136800A0B151 /* Assets.xcassets in Resources */ = {isa = PBXBuildFile; fileRef = 5585D99B1EE0136800A0B151 /* Assets.xcassets */; };
		5585D99F1EE0136800A0B151 /* LaunchScreen.storyboard in Resources */ = {isa = PBXBuildFile; fileRef = 5585D99D1EE0136800A0B151 /* LaunchScreen.storyboard */; };
/* End PBXBuildFile section */

/* Begin PBXFileReference section */
		5585D98C1EE0136700A0B151 /* xcode_tool.app */ = {isa = PBXFileReference; explicitFileType = wrapper.application; includeInIndex = 0; path = xcode_tool.app; sourceTree = BUILT_PRODUCTS_DIR; };
		5585D9901EE0136700A0B151 /* main.m */ = {isa = PBXFileReference; lastKnownFileType = sourcecode.c.objc; path = main.m; sourceTree = "<group>"; };
		5585D9921EE0136700A0B151 /* AppDelegate.h */ = {isa = PBXFileReference; lastKnownFileType = sourcecode.c.h; path = AppDelegate.h; sourceTree = "<group>"; };
		5585D9931EE0136700A0B151 /* AppDelegate.m */ = {isa = PBXFileReference; lastKnownFileType = sourcecode.c.objc; path = AppDelegate.m; sourceTree = "<group>"; };
		5585D9951EE0136700A0B151 /* ViewController.h */ = {isa = PBXFileReference; lastKnownFileType = sourcecode.c.h; path = ViewController.h; sourceTree = "<group>"; };
		5585D9961EE0136700A0B151 /* ViewController.m */ = {isa = PBXFileReference; lastKnownFileType = sourcecode.c.objc; path = ViewController.m; sourceTree = "<group>"; };
		5585D9991EE0136800A0B151 /* Base */ = {isa = PBXFileReference; lastKnownFileType = file.storyboard; name = Base; path = Base.lproj/Main.storyboard; sourceTree = "<group>"; };
		5585D99B1EE0136800A0B151 /* Assets.xcassets */ = {isa = PBXFileReference; lastKnownFileType = folder.assetcatalog; path = Assets.xcassets; sourceTree = "<group>"; };
		5585D99E1EE0136800A0B151 /* Base */ = {isa = PBXFileReference; lastKnownFileType = file.storyboard; name = Base; path = Base.lproj/LaunchScreen.storyboard; sourceTree = "<group>"; };
		5585D9A01EE0136800A0B151 /* Info.plist */ = {isa = PBXFileReference; lastKnownFileType = text.plist.xml; path = Info.plist; sourceTree = "<group>"; };
/* End PBXFileReference section */

/* Begin PBXFrameworksBuildPhase section */
		5585D9891EE0136700A0B151 /* Frameworks */ = {
			isa = PBXFrameworksBuildPhase;
			buildActionMask = 2147483647;
			files = (
			);
			runOnlyForDeploymentPostprocessing = 0;
		};
/* End PBXFrameworksBuildPhase section */

/* Begin PBXGroup section */
		5585D9831EE0136600A0B151 = {
			isa = PBXGroup;
			children = (
				5585D98E1EE0136700A0B151 /* xcode_tool */,
				5585D98D1EE0136700A0B151 /* Products */,
			);
			sourceTree = "<group>";
		};
		5585D98D1EE0136700A0B151 /* Products */ = {
			isa = PBXGroup;
			children = (
				5585D98C1EE0136700A0B151 /* xcode_tool.app */,
			);
			name = Products;
			sourceTree = "<group>";
		};
		5585D98E1EE0136700A0B151 /* xcode_tool */ = {
			isa = PBXGroup;
			children = (
				5585D9921EE0136700A0B151 /* AppDelegate.h */,
				5585D9931EE0136700A0B151 /* AppDelegate.m */,
				5585D9951EE0136700A0B151 /* ViewController.h */,
				5585D9961EE0136700A0B151 /* ViewController.m */,
				5585D9981EE0136800A0B151 /* Main.storyboard */,
				5585D99B1EE0136800A0B151 /* Assets.xcassets */,
				5585D99D1EE0136800A0B151 /* LaunchScreen.storyboard */,
				5585D9A01EE0136800A0B151 /* Info.plist */,
				5585D98F1EE0136700A0B151 /* Supporting Files */,
			);
			path = xcode_tool;
			sourceTree = "<group>";
		};
		5585D98F1EE0136700A0B151 /* Supporting Files */ = {
			isa = PBXGroup;
			children = (
				5585D9901EE0136700A0B151 /* main.m */,
			);
			name = "Supporting Files";
			sourceTree = "<group>";
		};
/* End PBXGroup section */

/* Begin PBXNativeTarget section */
		5585D98B1EE0136700A0B151 /* xcode_tool */ = {
			isa = PBXNativeTarget;
			buildConfigurationList = 5585D9A31EE0136800A0B151 /* Build configuration list for PBXNativeTarget "xcode_tool" */;
			buildPhases = (
				5585D9881EE0136700A0B151 /* Sources */,
				5585D9891EE0136700A0B151 /* Frameworks */,
				5585D98A1EE0136700A0B151 /* Resources */,
			);
			buildRules = (
			);
			dependencies = (
			);
			name = xcode_tool;
			productName = xcode_tool;
			productReference = 5585D98C1EE0136700A0B151 /* xcode_tool.app */;
			productType = "com.apple.product-type.application";
		};
/* End PBXNativeTarget section */

/* Begin PBXProject section */
		5585D9841EE0136600A0B151 /* Project object */ = {
			isa = PBXProject;
			attributes = {
				LastUpgradeCheck = 0830;
				ORGANIZATIONNAME = "邱家楗";
				TargetAttributes = {
					5585D98B1EE0136700A0B151 = {
						CreatedOnToolsVersion = 8.3;
						DevelopmentTeam = TPTRT82JVA;
						ProvisioningStyle = Automatic;
					};
				};
			};
			buildConfigurationList = 5585D9871EE0136700A0B151 /* Build configuration list for PBXProject "xcode_tool" */;
			compatibilityVersion = "Xcode 3.2";
			developmentRegion = English;
			hasScannedForEncodings = 0;
			knownRegions = (
				en,
				Base,
			);
			mainGroup = 5585D9831EE0136600A0B151;
			productRefGroup = 5585D98D1EE0136700A0B151 /* Products */;
			projectDirPath = "";
			projectRoot = "";
			targets = (
				5585D98B1EE0136700A0B151 /* xcode_tool */,
			);
		};
/* End PBXProject section */

/* Begin PBXResourcesBuildPhase section */
		5585D98A1EE0136700A0B151 /* Resources */ = {
			isa = PBXResourcesBuildPhase;
			buildActionMask = 2147483647;
			files = (
				5585D99F1EE0136800A0B151 /* LaunchScreen.storyboard in Resources */,
				5585D99C1EE0136800A0B151 /* Assets.xcassets in Resources */,
				5585D99A1EE0136800A0B151 /* Main.storyboard in Resources */,
			);
			runOnlyForDeploymentPostprocessing = 0;
		};
/* End PBXResourcesBuildPhase section */

/* Begin PBXSourcesBuildPhase section */
		5585D9881EE0136700A0B151 /* Sources */ = {
			isa = PBXSourcesBuildPhase;
			buildActionMask = 2147483647;
			files = (
				5585D9971EE0136700A0B151 /* ViewController.m in Sources */,
				5585D9941EE0136700A0B151 /* AppDelegate.m in Sources */,
				5585D9911EE0136700A0B151 /* main.m in Sources */,
			);
			runOnlyForDeploymentPostprocessing = 0;
		};
/* End PBXSourcesBuildPhase section */

/* Begin PBXVariantGroup section */
		5585D9981EE0136800A0B151 /* Main.storyboard */ = {
			isa = PBXVariantGroup;
			children = (
				5585D9991EE0136800A0B151 /* Base */,
			);
			name = Main.storyboard;
			sourceTree = "<group>";
		};
		5585D99D1EE0136800A0B151 /* LaunchScreen.storyboard */ = {
			isa = PBXVariantGroup;
			children = (
				5585D99E1EE0136800A0B151 /* Base */,
			);
			name = LaunchScreen.storyboard;
			sourceTree = "<group>";
		};
/* End PBXVariantGroup section */

/* Begin XCBuildConfiguration section */
		5585D9A11EE0136800A0B151 /* Debug */ = {
			isa = XCBuildConfiguration;
			buildSettings = {
				ALWAYS_SEARCH_USER_PATHS = NO;
				CLANG_ANALYZER_NONNULL = YES;
				CLANG_ANALYZER_NUMBER_OBJECT_CONVERSION = YES_AGGRESSIVE;
				CLANG_CXX_LANGUAGE_STANDARD = "gnu++0x";
				CLANG_CXX_LIBRARY = "libc++";
				CLANG_ENABLE_MODULES = YES;
				CLANG_ENABLE_OBJC_ARC = YES;
				CLANG_WARN_BOOL_CONVERSION = YES;
				CLANG_WARN_CONSTANT_CONVERSION = YES;
				CLANG_WARN_DIRECT_OBJC_ISA_USAGE = YES_ERROR;
				CLANG_WARN_DOCUMENTATION_COMMENTS = YES;
				CLANG_WARN_EMPTY_BODY = YES;
				CLANG_WARN_ENUM_CONVERSION = YES;
				CLANG_WARN_INFINITE_RECURSION = YES;
				CLANG_WARN_INT_CONVERSION = YES;
				CLANG_WARN_OBJC_ROOT_CLASS = YES_ERROR;
				CLANG_WARN_SUSPICIOUS_MOVE = YES;
				CLANG_WARN_UNREACHABLE_CODE = YES;
				CLANG_WARN__DUPLICATE_METHOD_MATCH = YES;
				"CODE_SIGN_IDENTITY[sdk=iphoneos*]" = "iPhone Developer";
				COPY_PHASE_STRIP = NO;
				DEBUG_INFORMATION_FORMAT = dwarf;
				ENABLE_STRICT_OBJC_MSGSEND = YES;
				ENABLE_TESTABILITY = YES;
				GCC_C_LANGUAGE_STANDARD = gnu99;
				GCC_DYNAMIC_NO_PIC = NO;
				GCC_NO_COMMON_BLOCKS = YES;
				GCC_OPTIMIZATION_LEVEL = 0;
				GCC_PREPROCESSOR_DEFINITIONS = (
					"DEBUG=1",
					"$(inherited)",
				);
				GCC_WARN_64_TO_32_BIT_CONVERSION = YES;
				GCC_WARN_ABOUT_RETURN_TYPE = YES_ERROR;
				GCC_WARN_UNDECLARED_SELECTOR = YES;
				GCC_WARN_UNINITIALIZED_AUTOS = YES_AGGRESSIVE;
				GCC_WARN_UNUSED_FUNCTION = YES;
				GCC_WARN_UNUSED_VARIABLE = YES;
				IPHONEOS_DEPLOYMENT_TARGET = 10.3;
				MTL_ENABLE_DEBUG_INFO = YES;
				ONLY_ACTIVE_ARCH = YES;
				SDKROOT = iphoneos;
				TARGETED_DEVICE_FAMILY = "1,2";
			};
			name = Debug;
		};
		5585D9A21EE0136800A0B151 /* Release */ = {
			isa = XCBuildConfiguration;
			buildSettings = {
				ALWAYS_SEARCH_USER_PATHS = NO;
				CLANG_ANALYZER_NONNULL = YES;
				CLANG_ANALYZER_NUMBER_OBJECT_CONVERSION = YES_AGGRESSIVE;
				CLANG_CXX_LANGUAGE_STANDARD = "gnu++0x";
				CLANG_CXX_LIBRARY = "libc++";
				CLANG_ENABLE_MODULES = YES;
				CLANG_ENABLE_OBJC_ARC = YES;
				CLANG_WARN_BOOL_CONVERSION = YES;
				CLANG_WARN_CONSTANT_CONVERSION = YES;
				CLANG_WARN_DIRECT_OBJC_ISA_USAGE = YES_ERROR;
				CLANG_WARN_DOCUMENTATION_COMMENTS = YES;
				CLANG_WARN_EMPTY_BODY = YES;
				CLANG_WARN_ENUM_CONVERSION = YES;
				CLANG_WARN_INFINITE_RECURSION = YES;
				CLANG_WARN_INT_CONVERSION = YES;
				CLANG_WARN_OBJC_ROOT_CLASS = YES_ERROR;
				CLANG_WARN_SUSPICIOUS_MOVE = YES;
				CLANG_WARN_UNREACHABLE_CODE = YES;
				CLANG_WARN__DUPLICATE_METHOD_MATCH = YES;
				"CODE_SIGN_IDENTITY[sdk=iphoneos*]" = "iPhone Developer";
				COPY_PHASE_STRIP = NO;
				DEBUG_INFORMATION_FORMAT = "dwarf-with-dsym";
				ENABLE_NS_ASSERTIONS = NO;
				ENABLE_STRICT_OBJC_MSGSEND = YES;
				GCC_C_LANGUAGE_STANDARD = gnu99;
				GCC_NO_COMMON_BLOCKS = YES;
				GCC_WARN_64_TO_32_BIT_CONVERSION = YES;
				GCC_WARN_ABOUT_RETURN_TYPE = YES_ERROR;
				GCC_WARN_UNDECLARED_SELECTOR = YES;
				GCC_WARN_UNINITIALIZED_AUTOS = YES_AGGRESSIVE;
				GCC_WARN_UNUSED_FUNCTION = YES;
				GCC_WARN_UNUSED_VARIABLE = YES;
				IPHONEOS_DEPLOYMENT_TARGET = 10.3;
				MTL_ENABLE_DEBUG_INFO = NO;
				SDKROOT = iphoneos;
				TARGETED_DEVICE_FAMILY = "1,2";
				VALIDATE_PRODUCT = YES;
			};
			name = Release;
		};
		5585D9A41EE0136800A0B151 /* Debug */ = {
			isa = XCBuildConfiguration;
			buildSettings = {
				ASSETCATALOG_COMPILER_APPICON_NAME = AppIcon;
				DEVELOPMENT_TEAM = TPTRT82JVA;
				INFOPLIST_FILE = xcode_tool/Info.plist;
				LD_RUNPATH_SEARCH_PATHS = "$(inherited) @executable_path/Frameworks";
				PRODUCT_BUNDLE_IDENTIFIER = "com.tigo.xcode-tool";
				PRODUCT_NAME = "$(TARGET_NAME)";
			};
			name = Debug;
		};
		5585D9A51EE0136800A0B151 /* Release */ = {
			isa = XCBuildConfiguration;
			buildSettings = {
				ASSETCATALOG_COMPILER_APPICON_NAME = AppIcon;
				DEVELOPMENT_TEAM = TPTRT82JVA;
				INFOPLIST_FILE = xcode_tool/Info.plist;
				LD_RUNPATH_SEARCH_PATHS = "$(inherited) @executable_path/Frameworks";
				PRODUCT_BUNDLE_IDENTIFIER = "com.tigo.xcode-tool";
				PRODUCT_NAME = "$(TARGET_NAME)";
			};
			name = Release;
		};
/* End XCBuildConfiguration section */

/* Begin XCConfigurationList section */
		5585D9871EE0136700A0B151 /* Build configuration list for PBXProject "xcode_tool" */ = {
			isa = XCConfigurationList;
			buildConfigurations = (
				5585D9A11EE0136800A0B151 /* Debug */,
				5585D9A21EE0136800A0B151 /* Release */,
			);
			defaultConfigurationIsVisible = 0;
			defaultConfigurationName = Release;
		};
		5585D9A31EE0136800A0B151 /* Build configuration list for PBXNativeTarget "xcode_tool" */ = {
			isa = XCConfigurationList;
			buildConfigurations = (
				5585D9A41EE0136800A0B151 /* Debug */,
				5585D9A51EE0136800A0B151 /* Release */,
			);
			defaultConfigurationIsVisible = 0;
		};
/* End XCConfigurationList section */
	};
	rootObject = 5585D9841EE0136600A0B151 /* Project object */;
}
